{
  "name": "Sami.dev-website",
  "lockfileVersion": 3,
  "requires": true,
  "packages": {
    "": {
      "dependencies": {
        "@sentry/browser": "^10.30.0",
        "@statuspage/status-widget": "^1.0.5"
      }
    },
    "node_modules/@sentry-internal/browser-utils": {
      "version": "10.30.0",
      "resolved": "https://registry.npmjs.org/@sentry-internal/browser-utils/-/browser-utils-10.30.0.tgz",
      "integrity": "sha512-dVsHTUbvgaLNetWAQC6yJFnmgD0xUbVgCkmzNB7S28wIP570GcZ4cxFGPOkXbPx6dEBUfoOREeXzLqjJLtJPfg==",
      "dependencies": {
        "@sentry/core": "10.30.0"
      },
      "engines": {
        "node": ">=18"
      }
    },
    "node_modules/@sentry-internal/feedback": {
      "version": "10.30.0",
      "resolved": "https://registry.npmjs.org/@sentry-internal/feedback/-/feedback-10.30.0.tgz",
      "integrity": "sha512-+bnQZ6SNF265nTXrRlXTmq5Ila1fRfraDOAahlOT/VM4j6zqCvNZzmeDD9J6IbxiAdhlp/YOkrG3zbr5vgYo0A==",
      "dependencies": {
        "@sentry/core": "10.30.0"
      },
      "engines": {
        "node": ">=18"
      }
    },
    "node_modules/@sentry-internal/replay": {
      "version": "10.30.0",
      "resolved": "https://registry.npmjs.org/@sentry-internal/replay/-/replay-10.30.0.tgz",
      "integrity": "sha512-Pj/fMIZQkXzIw6YWpxKWUE5+GXffKq6CgXwHszVB39al1wYz1gTIrTqJqt31IBLIihfCy8XxYddglR2EW0BVIQ==",
      "dependencies": {
        "@sentry-internal/browser-utils": "10.30.0",
        "@sentry/core": "10.30.0"
      },
      "engines": {
        "node": ">=18"
      }
    },
    "node_modules/@sentry-internal/replay-canvas": {
      "version": "10.30.0",
      "resolved": "https://registry.npmjs.org/@sentry-internal/replay-canvas/-/replay-canvas-10.30.0.tgz",
      "integrity": "sha512-RIlIz+XQ4DUWaN60CjfmicJq2O2JRtDKM5lw0wB++M5ha0TBh6rv+Ojf6BDgiV3LOQ7lZvCM57xhmNUtrGmelg==",
      "dependencies": {
        "@sentry-internal/replay": "10.30.0",
        "@sentry/core": "10.30.0"
      },
      "engines": {
        "node": ">=18"
      }
    },
    "node_modules/@sentry/browser": {
      "version": "10.30.0",
      "resolved": "https://registry.npmjs.org/@sentry/browser/-/browser-10.30.0.tgz",
      "integrity": "sha512-7M/IJUMLo0iCMLNxDV/OHTPI0WKyluxhCcxXJn7nrCcolu8A1aq9R8XjKxm0oTCO8ht5pz8bhGXUnYJj4eoEBA==",
      "dependencies": {
        "@sentry-internal/browser-utils": "10.30.0",
        "@sentry-internal/feedback": "10.30.0",
        "@sentry-internal/replay": "10.30.0",
        "@sentry-internal/replay-canvas": "10.30.0",
        "@sentry/core": "10.30.0"
      },
      "engines": {
        "node": ">=18"
      }
    },
    "node_modules/@sentry/core": {
      "version": "10.30.0",
      "resolved": "https://registry.npmjs.org/@sentry/core/-/core-10.30.0.tgz",
      "integrity": "sha512-IfNuqIoGVO9pwphwbOptAEJJI1SCAfewS5LBU1iL7hjPBHYAnE8tCVzyZN+pooEkQQ47Q4rGanaG1xY8mjTT1A==",
      "engines": {
        "node": ">=18"
      }
    },
    "node_modules/@skatejs/renderer-lit-html": {
      "version": "0.2.2",
      "resolved": "https://registry.npmjs.org/@skatejs/renderer-lit-html/-/renderer-lit-html-0.2.2.tgz",
      "integrity": "sha512-eKg89ZaESpnivYWVGJSRZHDAKceIVhLEDIKo7+1VvEx907Gk9iY/GIkiYVWUKVEjeTZYLmnvVrcN9wZ6xb3CxQ==",
      "peerDependencies": {
        "lit-html": "^0.11.0-dev.1"
      }
    },
    "node_modules/@statuspage/status-widget": {
      "version": "1.0.5",
      "resolved": "https://registry.npmjs.org/@statuspage/status-widget/-/status-widget-1.0.5.tgz",
      "integrity": "sha512-4gzP+n17XfkocRPz+Q7TrWsPRCjR8xxnez5EyAGkUhN1FTqqnT3i3Y4SNeVlh+LUGUpMlyN+9wWf1jWZjjL4eQ==",
      "dependencies": {
        "@skatejs/renderer-lit-html": "^0.2.2",
        "@webcomponents/custom-elements": "^1.2.1",
        "lit-html": "^0.13.0",
        "skatejs": "^5.2.4",
        "whatwg-fetch": "^3.0.0"
      },
      "engines": {
        "node": ">= 10.13.0",
        "yarn": ">= 1.12.3"
      }
    },
    "node_modules/@statuspage/status-widget/node_modules/lit-html": {
      "version": "0.13.0",
      "resolved": "https://registry.npmjs.org/lit-html/-/lit-html-0.13.0.tgz",
      "integrity": "sha512-p3R2ji/ucNVG5skguy8WufmSYIdMiTTb9ObUVYM2bOuvIXzDnUiePXGwP5BDbKssW1K6fw1Oj/M07FzdPLsTXw=="
    },
    "node_modules/@webcomponents/custom-elements": {
      "version": "1.6.0",
      "resolved": "https://registry.npmjs.org/@webcomponents/custom-elements/-/custom-elements-1.6.0.tgz",
      "integrity": "sha512-CqTpxOlUCPWRNUPZDxT5v2NnHXA4oox612iUGnmTUGQFhZ1Gkj8kirtl/2wcF6MqX7+PqqicZzOCBKKfIn0dww=="
    },
    "node_modules/lit-html": {
      "version": "0.11.4",
      "resolved": "https://registry.npmjs.org/lit-html/-/lit-html-0.11.4.tgz",
      "integrity": "sha512-yfJUxQrRjhYo4cdz3Db9YlkHs9v+rTZA4fvE/dqCOrA1Q2Bmx52X2OtEgGQ+JhyCb6ddDTndLijZjsSoQ44G7Q==",
      "peer": true
    },
    "node_modules/skatejs": {
      "version": "5.2.4",
      "resolved": "https://registry.npmjs.org/skatejs/-/skatejs-5.2.4.tgz",
      "integrity": "sha512-Ygd4bB6VTiSFeVpry9R/EWej+/PGrYhO1eMMwsxDaBLMkzXfZRm0CHvggb7RAMEr0VCMc5cBt58I6IU0q6GLvw=="
    },
    "node_modules/whatwg-fetch": {
      "version": "3.6.20",
      "resolved": "https://registry.npmjs.org/whatwg-fetch/-/whatwg-fetch-3.6.20.tgz",
      "integrity": "sha512-EqhiFU6daOA8kpjOWTL0olhVOF3i7OrFzSYiGsEMB8GcXS+RrzauAERX65xMeNWVqxA6HXH2m69Z9LaKKdisfg=="
    }
  }
}
